
Microsoft Visual Studio Solution File, Format Version 12.00
# Visual Studio Version 17
VisualStudioVersion = 17.9.34728.123
MinimumVisualStudioVersion = 10.0.40219.1
Project("{FAE04EC0-301F-11D3-BF4B-00C04F79EFBC}") = "3_laba", "3_laba.csproj", "{F760382E-3F0E-4DA9-AFF2-2BAE731F0D70}"
EndProject
Global
	GlobalSection(SolutionConfigurationPlatforms) = preSolution
		Debug|Any CPU = Debug|Any CPU
		Release|Any CPU = Release|Any CPU
	EndGlobalSection
	GlobalSection(ProjectConfigurationPlatforms) = postSolution
		{F760382E-3F0E-4DA9-AFF2-2BAE731F0D70}.Debug|Any CPU.ActiveCfg = Debug|Any CPU
		{F760382E-3F0E-4DA9-AFF2-2BAE731F0D70}.Debug|Any CPU.Build.0 = Debug|Any CPU
		{F760382E-3F0E-4DA9-AFF2-2BAE731F0D70}.Release|Any CPU.ActiveCfg = Release|Any CPU
		{F760382E-3F0E-4DA9-AFF2-2BAE731F0D70}.Release|Any CPU.Build.0 = Release|Any CPU
	EndGlobalSection
	GlobalSection(SolutionProperties) = preSolution
		HideSolutionNode = FALSE
	EndGlobalSection
	GlobalSection(ExtensibilityGlobals) = postSolution
		SolutionGuid = {395BA84C-9455-414A-9091-436DA8529809}
	EndGlobalSection
EndGlobal
